
Microsoft Visual Studio Solution File, Format Version 12.00
# Visual Studio 15
VisualStudioVersion = 15.0.28307.168
MinimumVisualStudioVersion = 10.0.40219.1
Project("{FAE04EC0-301F-11D3-BF4B-00C04F79EFBC}") = "spatest001", "spatest001\spatest001.csproj", "{B7CF0DB2-1904-4C59-A9AB-68A99E70D695}"
EndProject
Global
	GlobalSection(SolutionConfigurationPlatforms) = preSolution
		Debug|Any CPU = Debug|Any CPU
		Release|Any CPU = Release|Any CPU
	EndGlobalSection
	GlobalSection(ProjectConfigurationPlatforms) = postSolution
		{B7CF0DB2-1904-4C59-A9AB-68A99E70D695}.Debug|Any CPU.ActiveCfg = Debug|Any CPU
		{B7CF0DB2-1904-4C59-A9AB-68A99E70D695}.Debug|Any CPU.Build.0 = Debug|Any CPU
		{B7CF0DB2-1904-4C59-A9AB-68A99E70D695}.Release|Any CPU.ActiveCfg = Release|Any CPU
		{B7CF0DB2-1904-4C59-A9AB-68A99E70D695}.Release|Any CPU.Build.0 = Release|Any CPU
	EndGlobalSection
	GlobalSection(SolutionProperties) = preSolution
		HideSolutionNode = FALSE
	EndGlobalSection
	GlobalSection(ExtensibilityGlobals) = postSolution
		SolutionGuid = {BAB7A87F-453D-4788-A914-1A615A0402B0}
	EndGlobalSection
EndGlobal
